
Microsoft Visual Studio Solution File, Format Version 12.00
# Visual Studio Version 17
VisualStudioVersion = 17.9.34701.34
MinimumVisualStudioVersion = 10.0.40219.1
Project("{FAE04EC0-301F-11D3-BF4B-00C04F79EFBC}") = "IdentityApp", "IdentityApp\IdentityApp.csproj", "{D988798E-659D-48F7-8513-FD275FB9C22A}"
EndProject
Global
	GlobalSection(SolutionConfigurationPlatforms) = preSolution
		Debug|Any CPU = Debug|Any CPU
		Release|Any CPU = Release|Any CPU
	EndGlobalSection
	GlobalSection(ProjectConfigurationPlatforms) = postSolution
		{D988798E-659D-48F7-8513-FD275FB9C22A}.Debug|Any CPU.ActiveCfg = Debug|Any CPU
		{D988798E-659D-48F7-8513-FD275FB9C22A}.Debug|Any CPU.Build.0 = Debug|Any CPU
		{D988798E-659D-48F7-8513-FD275FB9C22A}.Release|Any CPU.ActiveCfg = Release|Any CPU
		{D988798E-659D-48F7-8513-FD275FB9C22A}.Release|Any CPU.Build.0 = Release|Any CPU
	EndGlobalSection
	GlobalSection(SolutionProperties) = preSolution
		HideSolutionNode = FALSE
	EndGlobalSection
	GlobalSection(ExtensibilityGlobals) = postSolution
		SolutionGuid = {A761A2FD-A405-4523-8389-D00CC90A6A13}
	EndGlobalSection
EndGlobal
